Microsoft Visual Studio Solution File, Format Version 12.00
# Visual Studio Version 17
VisualStudioVersion = 17.5.2.0
MinimumVisualStudioVersion = 10.0.40219.1
Project("{FAE04EC0-301F-11D3-BF4B-00C04F79EFBC}") = "works", "works.csproj", "{7CF48318-DCC7-584B-1C00-01EFD85C8559}"
EndProject
Project("{FAE04EC0-301F-11D3-BF4B-00C04F79EFBC}") = "works.Tests", "works.Tests\works.Tests.csproj", "{D50E37F7-D8D7-4419-83A5-1D415438327A}"
EndProject
Global
	GlobalSection(SolutionConfigurationPlatforms) = preSolution
		Debug|Any CPU = Debug|Any CPU
		Release|Any CPU = Release|Any CPU
	EndGlobalSection
	GlobalSection(ProjectConfigurationPlatforms) = postSolution
		{7CF48318-DCC7-584B-1C00-01EFD85C8559}.Debug|Any CPU.ActiveCfg = Debug|Any CPU
		{7CF48318-DCC7-584B-1C00-01EFD85C8559}.Debug|Any CPU.Build.0 = Debug|Any CPU
		{7CF48318-DCC7-584B-1C00-01EFD85C8559}.Release|Any CPU.ActiveCfg = Release|Any CPU
		{7CF48318-DCC7-584B-1C00-01EFD85C8559}.Release|Any CPU.Build.0 = Release|Any CPU
		{D50E37F7-D8D7-4419-83A5-1D415438327A}.Debug|Any CPU.ActiveCfg = Debug|Any CPU
		{D50E37F7-D8D7-4419-83A5-1D415438327A}.Debug|Any CPU.Build.0 = Debug|Any CPU
		{D50E37F7-D8D7-4419-83A5-1D415438327A}.Release|Any CPU.ActiveCfg = Release|Any CPU
		{D50E37F7-D8D7-4419-83A5-1D415438327A}.Release|Any CPU.Build.0 = Release|Any CPU
	EndGlobalSection
	GlobalSection(SolutionProperties) = preSolution
		HideSolutionNode = FALSE
	EndGlobalSection
	GlobalSection(ExtensibilityGlobals) = postSolution
		SolutionGuid = {B98C8EE2-9B7C-43E7-A068-0E4A19D171C1}
	EndGlobalSection
EndGlobal
